// !$*UTF8*$!
{
	archiveVersion = 1;
	classes = {
	};
	objectVersion = 50;
	objects = {

/* Begin PBXBuildFile section */
		FA4FC41D2624C4E100FFEC3D /* HW3_6ShapesApp.swift in Sources */ = {isa = PBXBuildFile; fileRef = FA4FC41C2624C4E100FFEC3D /* HW3_6ShapesApp.swift */; };
		FA4FC41F2624C4E100FFEC3D /* ContentView.swift in Sources */ = {isa = PBXBuildFile; fileRef = FA4FC41E2624C4E100FFEC3D /* ContentView.swift */; };
		FA4FC4212624C4E500FFEC3D /* Assets.xcassets in Resources */ = {isa = PBXBuildFile; fileRef = FA4FC4202624C4E500FFEC3D /* Assets.xcassets */; };
		FA4FC4242624C4E500FFEC3D /* Preview Assets.xcassets in Resources */ = {isa = PBXBuildFile; fileRef = FA4FC4232624C4E500FFEC3D /* Preview Assets.xcassets */; };
		FA4FC42D2625847000FFEC3D /* RainbowView.swift in Sources */ = {isa = PBXBuildFile; fileRef = FA4FC42C2625847000FFEC3D /* RainbowView.swift */; };
/* End PBXBuildFile section */

/* Begin PBXFileReference section */
		FA4FC4192624C4E100FFEC3D /* HW3.6Shapes.app */ = {isa = PBXFileReference; explicitFileType = wrapper.application; includeInIndex = 0; path = HW3.6Shapes.app; sourceTree = BUILT_PRODUCTS_DIR; };
		FA4FC41C2624C4E100FFEC3D /* HW3_6ShapesApp.swift */ = {isa = PBXFileReference; lastKnownFileType = sourcecode.swift; path = HW3_6ShapesApp.swift; sourceTree = "<group>"; };
		FA4FC41E2624C4E100FFEC3D /* ContentView.swift */ = {isa = PBXFileReference; lastKnownFileType = sourcecode.swift; path = ContentView.swift; sourceTree = "<group>"; };
		FA4FC4202624C4E500FFEC3D /* Assets.xcassets */ = {isa = PBXFileReference; lastKnownFileType = folder.assetcatalog; path = Assets.xcassets; sourceTree = "<group>"; };
		FA4FC4232624C4E500FFEC3D /* Preview Assets.xcassets */ = {isa = PBXFileReference; lastKnownFileType = folder.assetcatalog; path = "Preview Assets.xcassets"; sourceTree = "<group>"; };
		FA4FC4252624C4E500FFEC3D /* Info.plist */ = {isa = PBXFileReference; lastKnownFileType = text.plist.xml; path = Info.plist; sourceTree = "<group>"; };
		FA4FC42C2625847000FFEC3D /* RainbowView.swift */ = {isa = PBXFileReference; lastKnownFileType = sourcecode.swift; path = RainbowView.swift; sourceTree = "<group>"; };
/* End PBXFileReference section */

/* Begin PBXFrameworksBuildPhase section */
		FA4FC4162624C4E100FFEC3D /* Frameworks */ = {
			isa = PBXFrameworksBuildPhase;
			buildActionMask = 2147483647;
			files = (
			);
			runOnlyForDeploymentPostprocessing = 0;
		};
/* End PBXFrameworksBuildPhase section */

/* Begin PBXGroup section */
		FA4FC4102624C4E100FFEC3D = {
			isa = PBXGroup;
			children = (
				FA4FC41B2624C4E100FFEC3D /* HW3.6Shapes */,
				FA4FC41A2624C4E100FFEC3D /* Products */,
			);
			sourceTree = "<group>";
		};
		FA4FC41A2624C4E100FFEC3D /* Products */ = {
			isa = PBXGroup;
			children = (
				FA4FC4192624C4E100FFEC3D /* HW3.6Shapes.app */,
			);
			name = Products;
			sourceTree = "<group>";
		};
		FA4FC41B2624C4E100FFEC3D /* HW3.6Shapes */ = {
			isa = PBXGroup;
			children = (
				FA4FC41C2624C4E100FFEC3D /* HW3_6ShapesApp.swift */,
				FA4FC41E2624C4E100FFEC3D /* ContentView.swift */,
				FA4FC42C2625847000FFEC3D /* RainbowView.swift */,
				FA4FC4202624C4E500FFEC3D /* Assets.xcassets */,
				FA4FC4252624C4E500FFEC3D /* Info.plist */,
				FA4FC4222624C4E500FFEC3D /* Preview Content */,
			);
			path = HW3.6Shapes;
			sourceTree = "<group>";
		};
		FA4FC4222624C4E500FFEC3D /* Preview Content */ = {
			isa = PBXGroup;
			children = (
				FA4FC4232624C4E500FFEC3D /* Preview Assets.xcassets */,
			);
			path = "Preview Content";
			sourceTree = "<group>";
		};
/* End PBXGroup section */

/* Begin PBXNativeTarget section */
		FA4FC4182624C4E100FFEC3D /* HW3.6Shapes */ = {
			isa = PBXNativeTarget;
			buildConfigurationList = FA4FC4282624C4E500FFEC3D /* Build configuration list for PBXNativeTarget "HW3.6Shapes" */;
			buildPhases = (
				FA4FC4152624C4E100FFEC3D /* Sources */,
				FA4FC4162624C4E100FFEC3D /* Frameworks */,
				FA4FC4172624C4E100FFEC3D /* Resources */,
			);
			buildRules = (
			);
			dependencies = (
			);
			name = HW3.6Shapes;
			productName = HW3.6Shapes;
			productReference = FA4FC4192624C4E100FFEC3D /* HW3.6Shapes.app */;
			productType = "com.apple.product-type.application";
		};
/* End PBXNativeTarget section */

/* Begin PBXProject section */
		FA4FC4112624C4E100FFEC3D /* Project object */ = {
			isa = PBXProject;
			attributes = {
				LastSwiftUpdateCheck = 1240;
				LastUpgradeCheck = 1240;
				TargetAttributes = {
					FA4FC4182624C4E100FFEC3D = {
						CreatedOnToolsVersion = 12.4;
					};
				};
			};
			buildConfigurationList = FA4FC4142624C4E100FFEC3D /* Build configuration list for PBXProject "HW3.6Shapes" */;
			compatibilityVersion = "Xcode 9.3";
			developmentRegion = en;
			hasScannedForEncodings = 0;
			knownRegions = (
				en,
				Base,
			);
			mainGroup = FA4FC4102624C4E100FFEC3D;
			productRefGroup = FA4FC41A2624C4E100FFEC3D /* Products */;
			projectDirPath = "";
			projectRoot = "";
			targets = (
				FA4FC4182624C4E100FFEC3D /* HW3.6Shapes */,
			);
		};
/* End PBXProject section */

/* Begin PBXResourcesBuildPhase section */
		FA4FC4172624C4E100FFEC3D /* Resources */ = {
			isa = PBXResourcesBuildPhase;
			buildActionMask = 2147483647;
			files = (
				FA4FC4242624C4E500FFEC3D /* Preview Assets.xcassets in Resources */,
				FA4FC4212624C4E500FFEC3D /* Assets.xcassets in Resources */,
			);
			runOnlyForDeploymentPostprocessing = 0;
		};
/* End PBXResourcesBuildPhase section */

/* Begin PBXSourcesBuildPhase section */
		FA4FC4152624C4E100FFEC3D /* Sources */ = {
			isa = PBXSourcesBuildPhase;
			buildActionMask = 2147483647;
			files = (
				FA4FC41F2624C4E100FFEC3D /* ContentView.swift in Sources */,
				FA4FC41D2624C4E100FFEC3D /* HW3_6ShapesApp.swift in Sources */,
				FA4FC42D2625847000FFEC3D /* RainbowView.swift in Sources */,
			);
			runOnlyForDeploymentPostprocessing = 0;
		};
/* End PBXSourcesBuildPhase section */

/* Begin XCBuildConfiguration section */
		FA4FC4262624C4E500FFEC3D /* Debug */ = {
			isa = XCBuildConfiguration;
			buildSettings = {
				ALWAYS_SEARCH_USER_PATHS = NO;
				CLANG_ANALYZER_NONNULL = YES;
				CLANG_ANALYZER_NUMBER_OBJECT_CONVERSION = YES_AGGRESSIVE;
				CLANG_CXX_LANGUAGE_STANDARD = "gnu++14";
				CLANG_CXX_LIBRARY = "libc++";
				CLANG_ENABLE_MODULES = YES;
				CLANG_ENABLE_OBJC_ARC = YES;
				CLANG_ENABLE_OBJC_WEAK = YES;
				CLANG_WARN_BLOCK_CAPTURE_AUTORELEASING = YES;
				CLANG_WARN_BOOL_CONVERSION = YES;
				CLANG_WARN_COMMA = YES;
				CLANG_WARN_CONSTANT_CONVERSION = YES;
				CLANG_WARN_DEPRECATED_OBJC_IMPLEMENTATIONS = YES;
				CLANG_WARN_DIRECT_OBJC_ISA_USAGE = YES_ERROR;
				CLANG_WARN_DOCUMENTATION_COMMENTS = YES;
				CLANG_WARN_EMPTY_BODY = YES;
				CLANG_WARN_ENUM_CONVERSION = YES;
				CLANG_WARN_INFINITE_RECURSION = YES;
				CLANG_WARN_INT_CONVERSION = YES;
				CLANG_WARN_NON_LITERAL_NULL_CONVERSION = YES;
				CLANG_WARN_OBJC_IMPLICIT_RETAIN_SELF = YES;
				CLANG_WARN_OBJC_LITERAL_CONVERSION = YES;
				CLANG_WARN_OBJC_ROOT_CLASS = YES_ERROR;
				CLANG_WARN_QUOTED_INCLUDE_IN_FRAMEWORK_HEADER = YES;
				CLANG_WARN_RANGE_LOOP_ANALYSIS = YES;
				CLANG_WARN_STRICT_PROTOTYPES = YES;
				CLANG_WARN_SUSPICIOUS_MOVE = YES;
				CLANG_WARN_UNGUARDED_AVAILABILITY = YES_AGGRESSIVE;
				CLANG_WARN_UNREACHABLE_CODE = YES;
				CLANG_WARN__DUPLICATE_METHOD_MATCH = YES;
				COPY_PHASE_STRIP = NO;
				DEBUG_INFORMATION_FORMAT = dwarf;
				ENABLE_STRICT_OBJC_MSGSEND = YES;
				ENABLE_TESTABILITY = YES;
				GCC_C_LANGUAGE_STANDARD = gnu11;
				GCC_DYNAMIC_NO_PIC = NO;
				GCC_NO_COMMON_BLOCKS = YES;
				GCC_OPTIMIZATION_LEVEL = 0;
				GCC_PREPROCESSOR_DEFINITIONS = (
					"DEBUG=1",
					"$(inherited)",
				);
				GCC_WARN_64_TO_32_BIT_CONVERSION = YES;
				GCC_WARN_ABOUT_RETURN_TYPE = YES_ERROR;
				GCC_WARN_UNDECLARED_SELECTOR = YES;
				GCC_WARN_UNINITIALIZED_AUTOS = YES_AGGRESSIVE;
				GCC_WARN_UNUSED_FUNCTION = YES;
				GCC_WARN_UNUSED_VARIABLE = YES;
				IPHONEOS_DEPLOYMENT_TARGET = 14.4;
				MTL_ENABLE_DEBUG_INFO = INCLUDE_SOURCE;
				MTL_FAST_MATH = YES;
				ONLY_ACTIVE_ARCH = YES;
				SDKROOT = iphoneos;
				SWIFT_ACTIVE_COMPILATION_CONDITIONS = DEBUG;
				SWIFT_OPTIMIZATION_LEVEL = "-Onone";
			};
			name = Debug;
		};
		FA4FC4272624C4E500FFEC3D /* Release */ = {
			isa = XCBuildConfiguration;
			buildSettings = {
				ALWAYS_SEARCH_USER_PATHS = NO;
				CLANG_ANALYZER_NONNULL = YES;
				CLANG_ANALYZER_NUMBER_OBJECT_CONVERSION = YES_AGGRESSIVE;
				CLANG_CXX_LANGUAGE_STANDARD = "gnu++14";
				CLANG_CXX_LIBRARY = "libc++";
				CLANG_ENABLE_MODULES = YES;
				CLANG_ENABLE_OBJC_ARC = YES;
				CLANG_ENABLE_OBJC_WEAK = YES;
				CLANG_WARN_BLOCK_CAPTURE_AUTORELEASING = YES;
				CLANG_WARN_BOOL_CONVERSION = YES;
				CLANG_WARN_COMMA = YES;
				CLANG_WARN_CONSTANT_CONVERSION = YES;
				CLANG_WARN_DEPRECATED_OBJC_IMPLEMENTATIONS = YES;
				CLANG_WARN_DIRECT_OBJC_ISA_USAGE = YES_ERROR;
				CLANG_WARN_DOCUMENTATION_COMMENTS = YES;
				CLANG_WARN_EMPTY_BODY = YES;
				CLANG_WARN_ENUM_CONVERSION = YES;
				CLANG_WARN_INFINITE_RECURSION = YES;
				CLANG_WARN_INT_CONVERSION = YES;
				CLANG_WARN_NON_LITERAL_NULL_CONVERSION = YES;
				CLANG_WARN_OBJC_IMPLICIT_RETAIN_SELF = YES;
				CLANG_WARN_OBJC_LITERAL_CONVERSION = YES;
				CLANG_WARN_OBJC_ROOT_CLASS = YES_ERROR;
				CLANG_WARN_QUOTED_INCLUDE_IN_FRAMEWORK_HEADER = YES;
				CLANG_WARN_RANGE_LOOP_ANALYSIS = YES;
				CLANG_WARN_STRICT_PROTOTYPES = YES;
				CLANG_WARN_SUSPICIOUS_MOVE = YES;
				CLANG_WARN_UNGUARDED_AVAILABILITY = YES_AGGRESSIVE;
				CLANG_WARN_UNREACHABLE_CODE = YES;
				CLANG_WARN__DUPLICATE_METHOD_MATCH = YES;
				COPY_PHASE_STRIP = NO;
				DEBUG_INFORMATION_FORMAT = "dwarf-with-dsym";
				ENABLE_NS_ASSERTIONS = NO;
				ENABLE_STRICT_OBJC_MSGSEND = YES;
				GCC_C_LANGUAGE_STANDARD = gnu11;
				GCC_NO_COMMON_BLOCKS = YES;
				GCC_WARN_64_TO_32_BIT_CONVERSION = YES;
				GCC_WARN_ABOUT_RETURN_TYPE = YES_ERROR;
				GCC_WARN_UNDECLARED_SELECTOR = YES;
				GCC_WARN_UNINITIALIZED_AUTOS = YES_AGGRESSIVE;
				GCC_WARN_UNUSED_FUNCTION = YES;
				GCC_WARN_UNUSED_VARIABLE = YES;
				IPHONEOS_DEPLOYMENT_TARGET = 14.4;
				MTL_ENABLE_DEBUG_INFO = NO;
				MTL_FAST_MATH = YES;
				SDKROOT = iphoneos;
				SWIFT_COMPILATION_MODE = wholemodule;
				SWIFT_OPTIMIZATION_LEVEL = "-O";
				VALIDATE_PRODUCT = YES;
			};
			name = Release;
		};
		FA4FC4292624C4E500FFEC3D /* Debug */ = {
			isa = XCBuildConfiguration;
			buildSettings = {
				ASSETCATALOG_COMPILER_APPICON_NAME = AppIcon;
				ASSETCATALOG_COMPILER_GLOBAL_ACCENT_COLOR_NAME = AccentColor;
				CODE_SIGN_STYLE = Automatic;
				DEVELOPMENT_ASSET_PATHS = "\"HW3.6Shapes/Preview Content\"";
				DEVELOPMENT_TEAM = JU9RGHRA8W;
				ENABLE_PREVIEWS = YES;
				INFOPLIST_FILE = HW3.6Shapes/Info.plist;
				IPHONEOS_DEPLOYMENT_TARGET = 14.0;
				LD_RUNPATH_SEARCH_PATHS = (
					"$(inherited)",
					"@executable_path/Frameworks",
				);
				PRODUCT_BUNDLE_IDENTIFIER = "com.ignileo.HW3-6Shapes";
				PRODUCT_NAME = "$(TARGET_NAME)";
				SWIFT_VERSION = 5.0;
				TARGETED_DEVICE_FAMILY = "1,2";
			};
			name = Debug;
		};
		FA4FC42A2624C4E500FFEC3D /* Release */ = {
			isa = XCBuildConfiguration;
			buildSettings = {
				ASSETCATALOG_COMPILER_APPICON_NAME = AppIcon;
				ASSETCATALOG_COMPILER_GLOBAL_ACCENT_COLOR_NAME = AccentColor;
				CODE_SIGN_STYLE = Automatic;
				DEVELOPMENT_ASSET_PATHS = "\"HW3.6Shapes/Preview Content\"";
				DEVELOPMENT_TEAM = JU9RGHRA8W;
				ENABLE_PREVIEWS = YES;
				INFOPLIST_FILE = HW3.6Shapes/Info.plist;
				IPHONEOS_DEPLOYMENT_TARGET = 14.0;
				LD_RUNPATH_SEARCH_PATHS = (
					"$(inherited)",
					"@executable_path/Frameworks",
				);
				PRODUCT_BUNDLE_IDENTIFIER = "com.ignileo.HW3-6Shapes";
				PRODUCT_NAME = "$(TARGET_NAME)";
				SWIFT_VERSION = 5.0;
				TARGETED_DEVICE_FAMILY = "1,2";
			};
			name = Release;
		};
/* End XCBuildConfiguration section */

/* Begin XCConfigurationList section */
		FA4FC4142624C4E100FFEC3D /* Build configuration list for PBXProject "HW3.6Shapes" */ = {
			isa = XCConfigurationList;
			buildConfigurations = (
				FA4FC4262624C4E500FFEC3D /* Debug */,
				FA4FC4272624C4E500FFEC3D /* Release */,
			);
			defaultConfigurationIsVisible = 0;
			defaultConfigurationName = Release;
		};
		FA4FC4282624C4E500FFEC3D /* Build configuration list for PBXNativeTarget "HW3.6Shapes" */ = {
			isa = XCConfigurationList;
			buildConfigurations = (
				FA4FC4292624C4E500FFEC3D /* Debug */,
				FA4FC42A2624C4E500FFEC3D /* Release */,
			);
			defaultConfigurationIsVisible = 0;
			defaultConfigurationName = Release;
		};
/* End XCConfigurationList section */
	};
	rootObject = FA4FC4112624C4E100FFEC3D /* Project object */;
}
